
Microsoft Visual Studio Solution File, Format Version 12.00
# Visual Studio 15
Project("{FAE04EC0-301F-11D3-BF4B-00C04F79EFBC}") = "Nullable", "Nullable\Nullable.csproj", "{DAD5F4E5-0344-4F37-81BC-06B21DA24BC4}"
EndProject
Global
	GlobalSection(SolutionConfigurationPlatforms) = preSolution
		Debug|Any CPU = Debug|Any CPU
		Release|Any CPU = Release|Any CPU
	EndGlobalSection
	GlobalSection(ProjectConfigurationPlatforms) = postSolution
		{DAD5F4E5-0344-4F37-81BC-06B21DA24BC4}.Debug|Any CPU.ActiveCfg = Debug|Any CPU
		{DAD5F4E5-0344-4F37-81BC-06B21DA24BC4}.Debug|Any CPU.Build.0 = Debug|Any CPU
		{DAD5F4E5-0344-4F37-81BC-06B21DA24BC4}.Release|Any CPU.ActiveCfg = Release|Any CPU
		{DAD5F4E5-0344-4F37-81BC-06B21DA24BC4}.Release|Any CPU.Build.0 = Release|Any CPU
	EndGlobalSection
EndGlobal
